
Microsoft Visual Studio Solution File, Format Version 12.00
# Visual Studio 15
VisualStudioVersion = 15.0.28307.1831
MinimumVisualStudioVersion = 10.0.40219.1
Project("{FAE04EC0-301F-11D3-BF4B-00C04F79EFBC}") = "Clase13", "Clase13\Clase13.csproj", "{041290CD-02D4-4BDA-B27F-3817DACD4EBC}"
EndProject
Global
	GlobalSection(SolutionConfigurationPlatforms) = preSolution
		Debug|Any CPU = Debug|Any CPU
		Release|Any CPU = Release|Any CPU
	EndGlobalSection
	GlobalSection(ProjectConfigurationPlatforms) = postSolution
		{041290CD-02D4-4BDA-B27F-3817DACD4EBC}.Debug|Any CPU.ActiveCfg = Debug|Any CPU
		{041290CD-02D4-4BDA-B27F-3817DACD4EBC}.Debug|Any CPU.Build.0 = Debug|Any CPU
		{041290CD-02D4-4BDA-B27F-3817DACD4EBC}.Release|Any CPU.ActiveCfg = Release|Any CPU
		{041290CD-02D4-4BDA-B27F-3817DACD4EBC}.Release|Any CPU.Build.0 = Release|Any CPU
	EndGlobalSection
	GlobalSection(SolutionProperties) = preSolution
		HideSolutionNode = FALSE
	EndGlobalSection
	GlobalSection(ExtensibilityGlobals) = postSolution
		SolutionGuid = {F3B4F0C4-C351-4B6C-86B2-7C46A5ED878C}
	EndGlobalSection
EndGlobal
